
Microsoft Visual Studio Solution File, Format Version 12.00
# Visual Studio Version 17
VisualStudioVersion = 17.2.32616.157
MinimumVisualStudioVersion = 10.0.40219.1
Project("{FAE04EC0-301F-11D3-BF4B-00C04F79EFBC}") = "LoginApp.Android", "LoginApp\LoginApp.Android\LoginApp.Android.csproj", "{E3391C23-0041-40BC-ADE3-A20B14DD87FE}"
EndProject
Project("{FAE04EC0-301F-11D3-BF4B-00C04F79EFBC}") = "LoginApp.iOS", "LoginApp\LoginApp.iOS\LoginApp.iOS.csproj", "{6BC795B2-F502-425C-A6C8-7A47151C4ADE}"
EndProject
Project("{FAE04EC0-301F-11D3-BF4B-00C04F79EFBC}") = "LoginApp", "LoginApp\LoginApp\LoginApp.csproj", "{B587488D-75EE-46A3-84EB-DD6EAD039E67}"
EndProject
Global
	GlobalSection(SolutionConfigurationPlatforms) = preSolution
		Debug|Any CPU = Debug|Any CPU
		Debug|iPhone = Debug|iPhone
		Debug|iPhoneSimulator = Debug|iPhoneSimulator
		Release|Any CPU = Release|Any CPU
		Release|iPhone = Release|iPhone
		Release|iPhoneSimulator = Release|iPhoneSimulator
	EndGlobalSection
	GlobalSection(ProjectConfigurationPlatforms) = postSolution
		{E3391C23-0041-40BC-ADE3-A20B14DD87FE}.Debug|Any CPU.ActiveCfg = Debug|Any CPU
		{E3391C23-0041-40BC-ADE3-A20B14DD87FE}.Debug|Any CPU.Build.0 = Debug|Any CPU
		{E3391C23-0041-40BC-ADE3-A20B14DD87FE}.Debug|Any CPU.Deploy.0 = Debug|Any CPU
		{E3391C23-0041-40BC-ADE3-A20B14DD87FE}.Debug|iPhone.ActiveCfg = Debug|Any CPU
		{E3391C23-0041-40BC-ADE3-A20B14DD87FE}.Debug|iPhone.Build.0 = Debug|Any CPU
		{E3391C23-0041-40BC-ADE3-A20B14DD87FE}.Debug|iPhone.Deploy.0 = Debug|Any CPU
		{E3391C23-0041-40BC-ADE3-A20B14DD87FE}.Debug|iPhoneSimulator.ActiveCfg = Debug|Any CPU
		{E3391C23-0041-40BC-ADE3-A20B14DD87FE}.Debug|iPhoneSimulator.Build.0 = Debug|Any CPU
		{E3391C23-0041-40BC-ADE3-A20B14DD87FE}.Debug|iPhoneSimulator.Deploy.0 = Debug|Any CPU
		{E3391C23-0041-40BC-ADE3-A20B14DD87FE}.Release|Any CPU.ActiveCfg = Release|Any CPU
		{E3391C23-0041-40BC-ADE3-A20B14DD87FE}.Release|Any CPU.Build.0 = Release|Any CPU
		{E3391C23-0041-40BC-ADE3-A20B14DD87FE}.Release|Any CPU.Deploy.0 = Release|Any CPU
		{E3391C23-0041-40BC-ADE3-A20B14DD87FE}.Release|iPhone.ActiveCfg = Release|Any CPU
		{E3391C23-0041-40BC-ADE3-A20B14DD87FE}.Release|iPhone.Build.0 = Release|Any CPU
		{E3391C23-0041-40BC-ADE3-A20B14DD87FE}.Release|iPhone.Deploy.0 = Release|Any CPU
		{E3391C23-0041-40BC-ADE3-A20B14DD87FE}.Release|iPhoneSimulator.ActiveCfg = Release|Any CPU
		{E3391C23-0041-40BC-ADE3-A20B14DD87FE}.Release|iPhoneSimulator.Build.0 = Release|Any CPU
		{E3391C23-0041-40BC-ADE3-A20B14DD87FE}.Release|iPhoneSimulator.Deploy.0 = Release|Any CPU
		{6BC795B2-F502-425C-A6C8-7A47151C4ADE}.Debug|Any CPU.ActiveCfg = Debug|iPhone
		{6BC795B2-F502-425C-A6C8-7A47151C4ADE}.Debug|Any CPU.Build.0 = Debug|iPhone
		{6BC795B2-F502-425C-A6C8-7A47151C4ADE}.Debug|Any CPU.Deploy.0 = Debug|iPhone
		{6BC795B2-F502-425C-A6C8-7A47151C4ADE}.Debug|iPhone.ActiveCfg = Debug|iPhone
		{6BC795B2-F502-425C-A6C8-7A47151C4ADE}.Debug|iPhone.Build.0 = Debug|iPhone
		{6BC795B2-F502-425C-A6C8-7A47151C4ADE}.Debug|iPhone.Deploy.0 = Debug|iPhone
		{6BC795B2-F502-425C-A6C8-7A47151C4ADE}.Debug|iPhoneSimulator.ActiveCfg = Debug|iPhoneSimulator
		{6BC795B2-F502-425C-A6C8-7A47151C4ADE}.Debug|iPhoneSimulator.Build.0 = Debug|iPhoneSimulator
		{6BC795B2-F502-425C-A6C8-7A47151C4ADE}.Debug|iPhoneSimulator.Deploy.0 = Debug|iPhoneSimulator
		{6BC795B2-F502-425C-A6C8-7A47151C4ADE}.Release|Any CPU.ActiveCfg = Release|iPhoneSimulator
		{6BC795B2-F502-425C-A6C8-7A47151C4ADE}.Release|Any CPU.Build.0 = Release|iPhoneSimulator
		{6BC795B2-F502-425C-A6C8-7A47151C4ADE}.Release|Any CPU.Deploy.0 = Release|iPhoneSimulator
		{6BC795B2-F502-425C-A6C8-7A47151C4ADE}.Release|iPhone.ActiveCfg = Release|iPhone
		{6BC795B2-F502-425C-A6C8-7A47151C4ADE}.Release|iPhone.Build.0 = Release|iPhone
		{6BC795B2-F502-425C-A6C8-7A47151C4ADE}.Release|iPhone.Deploy.0 = Release|iPhone
		{6BC795B2-F502-425C-A6C8-7A47151C4ADE}.Release|iPhoneSimulator.ActiveCfg = Release|iPhoneSimulator
		{6BC795B2-F502-425C-A6C8-7A47151C4ADE}.Release|iPhoneSimulator.Build.0 = Release|iPhoneSimulator
		{6BC795B2-F502-425C-A6C8-7A47151C4ADE}.Release|iPhoneSimulator.Deploy.0 = Release|iPhoneSimulator
		{B587488D-75EE-46A3-84EB-DD6EAD039E67}.Debug|Any CPU.ActiveCfg = Debug|Any CPU
		{B587488D-75EE-46A3-84EB-DD6EAD039E67}.Debug|Any CPU.Build.0 = Debug|Any CPU
		{B587488D-75EE-46A3-84EB-DD6EAD039E67}.Debug|Any CPU.Deploy.0 = Debug|Any CPU
		{B587488D-75EE-46A3-84EB-DD6EAD039E67}.Debug|iPhone.ActiveCfg = Debug|Any CPU
		{B587488D-75EE-46A3-84EB-DD6EAD039E67}.Debug|iPhone.Build.0 = Debug|Any CPU
		{B587488D-75EE-46A3-84EB-DD6EAD039E67}.Debug|iPhone.Deploy.0 = Debug|Any CPU
		{B587488D-75EE-46A3-84EB-DD6EAD039E67}.Debug|iPhoneSimulator.ActiveCfg = Debug|Any CPU
		{B587488D-75EE-46A3-84EB-DD6EAD039E67}.Debug|iPhoneSimulator.Build.0 = Debug|Any CPU
		{B587488D-75EE-46A3-84EB-DD6EAD039E67}.Debug|iPhoneSimulator.Deploy.0 = Debug|Any CPU
		{B587488D-75EE-46A3-84EB-DD6EAD039E67}.Release|Any CPU.ActiveCfg = Release|Any CPU
		{B587488D-75EE-46A3-84EB-DD6EAD039E67}.Release|Any CPU.Build.0 = Release|Any CPU
		{B587488D-75EE-46A3-84EB-DD6EAD039E67}.Release|Any CPU.Deploy.0 = Release|Any CPU
		{B587488D-75EE-46A3-84EB-DD6EAD039E67}.Release|iPhone.ActiveCfg = Release|Any CPU
		{B587488D-75EE-46A3-84EB-DD6EAD039E67}.Release|iPhone.Build.0 = Release|Any CPU
		{B587488D-75EE-46A3-84EB-DD6EAD039E67}.Release|iPhone.Deploy.0 = Release|Any CPU
		{B587488D-75EE-46A3-84EB-DD6EAD039E67}.Release|iPhoneSimulator.ActiveCfg = Release|Any CPU
		{B587488D-75EE-46A3-84EB-DD6EAD039E67}.Release|iPhoneSimulator.Build.0 = Release|Any CPU
		{B587488D-75EE-46A3-84EB-DD6EAD039E67}.Release|iPhoneSimulator.Deploy.0 = Release|Any CPU
	EndGlobalSection
	GlobalSection(SolutionProperties) = preSolution
		HideSolutionNode = FALSE
	EndGlobalSection
	GlobalSection(ExtensibilityGlobals) = postSolution
		SolutionGuid = {58A8D4C5-170E-4D17-B6D2-5C1AF2A5CDE7}
	EndGlobalSection
EndGlobal
